
Microsoft Visual Studio Solution File, Format Version 12.00
# Visual Studio Version 16
VisualStudioVersion = 16.0.35229.62
MinimumVisualStudioVersion = 10.0.40219.1
Project("{FAE04EC0-301F-11D3-BF4B-00C04F79EFBC}") = "train", "train\train.csproj", "{0C58F7FA-EE9E-48C0-BF25-9A63D9E928B6}"
EndProject
Global
	GlobalSection(SolutionConfigurationPlatforms) = preSolution
		Debug|Any CPU = Debug|Any CPU
		Release|Any CPU = Release|Any CPU
	EndGlobalSection
	GlobalSection(ProjectConfigurationPlatforms) = postSolution
		{0C58F7FA-EE9E-48C0-BF25-9A63D9E928B6}.Debug|Any CPU.ActiveCfg = Debug|Any CPU
		{0C58F7FA-EE9E-48C0-BF25-9A63D9E928B6}.Debug|Any CPU.Build.0 = Debug|Any CPU
		{0C58F7FA-EE9E-48C0-BF25-9A63D9E928B6}.Release|Any CPU.ActiveCfg = Release|Any CPU
		{0C58F7FA-EE9E-48C0-BF25-9A63D9E928B6}.Release|Any CPU.Build.0 = Release|Any CPU
	EndGlobalSection
	GlobalSection(SolutionProperties) = preSolution
		HideSolutionNode = FALSE
	EndGlobalSection
	GlobalSection(ExtensibilityGlobals) = postSolution
		SolutionGuid = {2C1D66D8-69A7-407D-953D-E90F55D65B62}
	EndGlobalSection
EndGlobal
